
Microsoft Visual Studio Solution File, Format Version 12.00
# Visual Studio Version 16
VisualStudioVersion = 16.0.31410.357
MinimumVisualStudioVersion = 10.0.40219.1
Project("{FAE04EC0-301F-11D3-BF4B-00C04F79EFBC}") = "bc-odatav4-test", "bc-odatav4-test\bc-odatav4-test.csproj", "{9802A25E-02A8-4563-9093-D8718CAD8F31}"
EndProject
Global
	GlobalSection(SolutionConfigurationPlatforms) = preSolution
		Debug|Any CPU = Debug|Any CPU
		Release|Any CPU = Release|Any CPU
	EndGlobalSection
	GlobalSection(ProjectConfigurationPlatforms) = postSolution
		{9802A25E-02A8-4563-9093-D8718CAD8F31}.Debug|Any CPU.ActiveCfg = Debug|Any CPU
		{9802A25E-02A8-4563-9093-D8718CAD8F31}.Debug|Any CPU.Build.0 = Debug|Any CPU
		{9802A25E-02A8-4563-9093-D8718CAD8F31}.Release|Any CPU.ActiveCfg = Release|Any CPU
		{9802A25E-02A8-4563-9093-D8718CAD8F31}.Release|Any CPU.Build.0 = Release|Any CPU
	EndGlobalSection
	GlobalSection(SolutionProperties) = preSolution
		HideSolutionNode = FALSE
	EndGlobalSection
	GlobalSection(ExtensibilityGlobals) = postSolution
		SolutionGuid = {3ACCAB9F-FC9A-4BDE-B5BA-2E89833E3317}
	EndGlobalSection
EndGlobal
